
Microsoft Visual Studio Solution File, Format Version 12.00
# Visual Studio 15
VisualStudioVersion = 15.0.28307.271
MinimumVisualStudioVersion = 10.0.40219.1
Project("{FAE04EC0-301F-11D3-BF4B-00C04F79EFBC}") = "WindowsFormsApp29", "WindowsFormsApp29\WindowsFormsApp29.csproj", "{A452E094-8EB1-4658-9935-D26A62D609D0}"
EndProject
Global
	GlobalSection(SolutionConfigurationPlatforms) = preSolution
		Debug|Any CPU = Debug|Any CPU
		Release|Any CPU = Release|Any CPU
	EndGlobalSection
	GlobalSection(ProjectConfigurationPlatforms) = postSolution
		{A452E094-8EB1-4658-9935-D26A62D609D0}.Debug|Any CPU.ActiveCfg = Debug|Any CPU
		{A452E094-8EB1-4658-9935-D26A62D609D0}.Debug|Any CPU.Build.0 = Debug|Any CPU
		{A452E094-8EB1-4658-9935-D26A62D609D0}.Release|Any CPU.ActiveCfg = Release|Any CPU
		{A452E094-8EB1-4658-9935-D26A62D609D0}.Release|Any CPU.Build.0 = Release|Any CPU
	EndGlobalSection
	GlobalSection(SolutionProperties) = preSolution
		HideSolutionNode = FALSE
	EndGlobalSection
	GlobalSection(ExtensibilityGlobals) = postSolution
		SolutionGuid = {67A1126F-35F3-41D8-97A5-476E9C60B11C}
	EndGlobalSection
EndGlobal
